
Microsoft Visual Studio Solution File, Format Version 12.00
# Visual Studio Version 16
VisualStudioVersion = 16.0.31605.320
MinimumVisualStudioVersion = 10.0.40219.1
Project("{FAE04EC0-301F-11D3-BF4B-00C04F79EFBC}") = "EasyControl", "EasyControl\EasyControl.csproj", "{8A71B768-65CF-40FE-A428-E3A55AA3C917}"
EndProject
Project("{FAE04EC0-301F-11D3-BF4B-00C04F79EFBC}") = "EasyConrtolClient", "EasyConrtolClient\EasyConrtolClient.csproj", "{AC4E08CD-5D2A-4024-AC4C-2068D531E02E}"
EndProject
Global
	GlobalSection(SolutionConfigurationPlatforms) = preSolution
		Debug|Any CPU = Debug|Any CPU
		Release|Any CPU = Release|Any CPU
	EndGlobalSection
	GlobalSection(ProjectConfigurationPlatforms) = postSolution
		{8A71B768-65CF-40FE-A428-E3A55AA3C917}.Debug|Any CPU.ActiveCfg = Debug|Any CPU
		{8A71B768-65CF-40FE-A428-E3A55AA3C917}.Debug|Any CPU.Build.0 = Debug|Any CPU
		{8A71B768-65CF-40FE-A428-E3A55AA3C917}.Release|Any CPU.ActiveCfg = Release|Any CPU
		{8A71B768-65CF-40FE-A428-E3A55AA3C917}.Release|Any CPU.Build.0 = Release|Any CPU
		{AC4E08CD-5D2A-4024-AC4C-2068D531E02E}.Debug|Any CPU.ActiveCfg = Debug|Any CPU
		{AC4E08CD-5D2A-4024-AC4C-2068D531E02E}.Debug|Any CPU.Build.0 = Debug|Any CPU
		{AC4E08CD-5D2A-4024-AC4C-2068D531E02E}.Release|Any CPU.ActiveCfg = Release|Any CPU
		{AC4E08CD-5D2A-4024-AC4C-2068D531E02E}.Release|Any CPU.Build.0 = Release|Any CPU
	EndGlobalSection
	GlobalSection(SolutionProperties) = preSolution
		HideSolutionNode = FALSE
	EndGlobalSection
	GlobalSection(ExtensibilityGlobals) = postSolution
		SolutionGuid = {BA827641-9D8B-45D3-BC9C-16EABD7FB24D}
	EndGlobalSection
EndGlobal
